
Microsoft Visual Studio Solution File, Format Version 12.00
# Visual Studio Version 17
VisualStudioVersion = 17.10.35004.147
MinimumVisualStudioVersion = 10.0.40219.1
Project("{9A19103F-16F7-4668-BE54-9A1E7A4F7556}") = "ExpenseFlow.API", "ExpenseFlow.API\ExpenseFlow.API.csproj", "{81EA5B84-9ED9-4655-B131-F335A8F60902}"
EndProject
Project("{9A19103F-16F7-4668-BE54-9A1E7A4F7556}") = "ExpenseFlow.Entity", "ExpenseFlow.Entity\ExpenseFlow.Entity.csproj", "{50AE8405-7F27-4755-BB89-42904660CDC9}"
EndProject
Project("{9A19103F-16F7-4668-BE54-9A1E7A4F7556}") = "ExpenseFlow.Context", "ExpenseFlow.Context\ExpenseFlow.Context.csproj", "{3C2B852A-BF40-4817-AF9D-0B57E4E31540}"
EndProject
Project("{FAE04EC0-301F-11D3-BF4B-00C04F79EFBC}") = "ExpenseFlow.Web", "ExpenseFlow.Web\ExpenseFlow.Web.csproj", "{6E49B72E-224A-4053-A2CF-F0463863D61D}"
EndProject
Project("{FAE04EC0-301F-11D3-BF4B-00C04F79EFBC}") = "ExpenseFlow.Webpage", "ExpenseFlow.Webpage\ExpenseFlow.Webpage.csproj", "{5340AF01-5189-4116-9731-608B4D28D797}"
EndProject
Global
	GlobalSection(SolutionConfigurationPlatforms) = preSolution
		Debug|Any CPU = Debug|Any CPU
		Release|Any CPU = Release|Any CPU
	EndGlobalSection
	GlobalSection(ProjectConfigurationPlatforms) = postSolution
		{81EA5B84-9ED9-4655-B131-F335A8F60902}.Debug|Any CPU.ActiveCfg = Debug|Any CPU
		{81EA5B84-9ED9-4655-B131-F335A8F60902}.Debug|Any CPU.Build.0 = Debug|Any CPU
		{81EA5B84-9ED9-4655-B131-F335A8F60902}.Release|Any CPU.ActiveCfg = Release|Any CPU
		{81EA5B84-9ED9-4655-B131-F335A8F60902}.Release|Any CPU.Build.0 = Release|Any CPU
		{50AE8405-7F27-4755-BB89-42904660CDC9}.Debug|Any CPU.ActiveCfg = Debug|Any CPU
		{50AE8405-7F27-4755-BB89-42904660CDC9}.Debug|Any CPU.Build.0 = Debug|Any CPU
		{50AE8405-7F27-4755-BB89-42904660CDC9}.Release|Any CPU.ActiveCfg = Release|Any CPU
		{50AE8405-7F27-4755-BB89-42904660CDC9}.Release|Any CPU.Build.0 = Release|Any CPU
		{3C2B852A-BF40-4817-AF9D-0B57E4E31540}.Debug|Any CPU.ActiveCfg = Debug|Any CPU
		{3C2B852A-BF40-4817-AF9D-0B57E4E31540}.Debug|Any CPU.Build.0 = Debug|Any CPU
		{3C2B852A-BF40-4817-AF9D-0B57E4E31540}.Release|Any CPU.ActiveCfg = Release|Any CPU
		{3C2B852A-BF40-4817-AF9D-0B57E4E31540}.Release|Any CPU.Build.0 = Release|Any CPU
		{6E49B72E-224A-4053-A2CF-F0463863D61D}.Debug|Any CPU.ActiveCfg = Debug|Any CPU
		{6E49B72E-224A-4053-A2CF-F0463863D61D}.Debug|Any CPU.Build.0 = Debug|Any CPU
		{6E49B72E-224A-4053-A2CF-F0463863D61D}.Release|Any CPU.ActiveCfg = Release|Any CPU
		{6E49B72E-224A-4053-A2CF-F0463863D61D}.Release|Any CPU.Build.0 = Release|Any CPU
		{5340AF01-5189-4116-9731-608B4D28D797}.Debug|Any CPU.ActiveCfg = Debug|Any CPU
		{5340AF01-5189-4116-9731-608B4D28D797}.Debug|Any CPU.Build.0 = Debug|Any CPU
		{5340AF01-5189-4116-9731-608B4D28D797}.Release|Any CPU.ActiveCfg = Release|Any CPU
		{5340AF01-5189-4116-9731-608B4D28D797}.Release|Any CPU.Build.0 = Release|Any CPU
	EndGlobalSection
	GlobalSection(SolutionProperties) = preSolution
		HideSolutionNode = FALSE
	EndGlobalSection
	GlobalSection(ExtensibilityGlobals) = postSolution
		SolutionGuid = {D54DE6D7-128B-450F-8351-455B72FB33CE}
	EndGlobalSection
EndGlobal
